
Microsoft Visual Studio Solution File, Format Version 12.00
# Visual Studio Version 16
VisualStudioVersion = 16.0.30114.105
MinimumVisualStudioVersion = 10.0.40219.1
Project("{2150E333-8FDC-42A3-9474-1A3956D46DE8}") = "src", "src", "{75542BC9-60DA-46FC-9B01-BDA12B7134A9}"
EndProject
Project("{FAE04EC0-301F-11D3-BF4B-00C04F79EFBC}") = "Library", "src\Library\Library.csproj", "{0743C669-45CB-46A3-862C-491D045F5314}"
EndProject
Project("{FAE04EC0-301F-11D3-BF4B-00C04F79EFBC}") = "UnitTests", "test\UnitTests.csproj", "{323E2BC7-549E-47DE-8D2B-756267CE0618}"
EndProject
Global
	GlobalSection(SolutionConfigurationPlatforms) = preSolution
		Debug|Any CPU = Debug|Any CPU
		Release|Any CPU = Release|Any CPU
	EndGlobalSection
	GlobalSection(SolutionProperties) = preSolution
		HideSolutionNode = FALSE
	EndGlobalSection
	GlobalSection(ProjectConfigurationPlatforms) = postSolution
		{0743C669-45CB-46A3-862C-491D045F5314}.Debug|Any CPU.ActiveCfg = Debug|Any CPU
		{0743C669-45CB-46A3-862C-491D045F5314}.Debug|Any CPU.Build.0 = Debug|Any CPU
		{0743C669-45CB-46A3-862C-491D045F5314}.Release|Any CPU.ActiveCfg = Release|Any CPU
		{0743C669-45CB-46A3-862C-491D045F5314}.Release|Any CPU.Build.0 = Release|Any CPU
		{323E2BC7-549E-47DE-8D2B-756267CE0618}.Debug|Any CPU.ActiveCfg = Debug|Any CPU
		{323E2BC7-549E-47DE-8D2B-756267CE0618}.Debug|Any CPU.Build.0 = Debug|Any CPU
		{323E2BC7-549E-47DE-8D2B-756267CE0618}.Release|Any CPU.ActiveCfg = Release|Any CPU
		{323E2BC7-549E-47DE-8D2B-756267CE0618}.Release|Any CPU.Build.0 = Release|Any CPU
	EndGlobalSection
	GlobalSection(NestedProjects) = preSolution
		{0743C669-45CB-46A3-862C-491D045F5314} = {75542BC9-60DA-46FC-9B01-BDA12B7134A9}
	EndGlobalSection
EndGlobal
